// !$*UTF8*$!
{
	archiveVersion = 1;
	classes = {
	};
	objectVersion = 56;
	objects = {

/* Begin PBXBuildFile section */
		1F6512C72BC535B800B0FFE4 /* AppDelegate.swift in Sources */ = {isa = PBXBuildFile; fileRef = 1F6512C62BC535B800B0FFE4 /* AppDelegate.swift */; };
		1F6512C92BC535B800B0FFE4 /* SceneDelegate.swift in Sources */ = {isa = PBXBuildFile; fileRef = 1F6512C82BC535B800B0FFE4 /* SceneDelegate.swift */; };
		1F6512CB2BC535B800B0FFE4 /* SetNamesViewController.swift in Sources */ = {isa = PBXBuildFile; fileRef = 1F6512CA2BC535B800B0FFE4 /* SetNamesViewController.swift */; };
		1F6512D02BC535B900B0FFE4 /* Assets.xcassets in Resources */ = {isa = PBXBuildFile; fileRef = 1F6512CF2BC535B900B0FFE4 /* Assets.xcassets */; };
		1F6512D32BC535B900B0FFE4 /* LaunchScreen.storyboard in Resources */ = {isa = PBXBuildFile; fileRef = 1F6512D12BC535B900B0FFE4 /* LaunchScreen.storyboard */; };
		1F6512DB2BC5360600B0FFE4 /* MainViewController.swift in Sources */ = {isa = PBXBuildFile; fileRef = 1F6512DA2BC5360600B0FFE4 /* MainViewController.swift */; };
		1F6512DD2BC5362E00B0FFE4 /* ButtonsCollectionViewCell.swift in Sources */ = {isa = PBXBuildFile; fileRef = 1F6512DC2BC5362E00B0FFE4 /* ButtonsCollectionViewCell.swift */; };
		1F6512DF2BC5365D00B0FFE4 /* ButtonsCollectionViewCellDelegateProtocole.swift in Sources */ = {isa = PBXBuildFile; fileRef = 1F6512DE2BC5365D00B0FFE4 /* ButtonsCollectionViewCellDelegateProtocole.swift */; };
		1F6512E12BC5E95F00B0FFE4 /* ChooseRegimeViewController.swift in Sources */ = {isa = PBXBuildFile; fileRef = 1F6512E02BC5E95F00B0FFE4 /* ChooseRegimeViewController.swift */; };
/* End PBXBuildFile section */

/* Begin PBXFileReference section */
		1F6512C32BC535B800B0FFE4 /* Tic-Tac-Toe.app */ = {isa = PBXFileReference; explicitFileType = wrapper.application; includeInIndex = 0; path = "Tic-Tac-Toe.app"; sourceTree = BUILT_PRODUCTS_DIR; };
		1F6512C62BC535B800B0FFE4 /* AppDelegate.swift */ = {isa = PBXFileReference; lastKnownFileType = sourcecode.swift; path = AppDelegate.swift; sourceTree = "<group>"; };
		1F6512C82BC535B800B0FFE4 /* SceneDelegate.swift */ = {isa = PBXFileReference; lastKnownFileType = sourcecode.swift; path = SceneDelegate.swift; sourceTree = "<group>"; };
		1F6512CA2BC535B800B0FFE4 /* SetNamesViewController.swift */ = {isa = PBXFileReference; lastKnownFileType = sourcecode.swift; path = SetNamesViewController.swift; sourceTree = "<group>"; };
		1F6512CF2BC535B900B0FFE4 /* Assets.xcassets */ = {isa = PBXFileReference; lastKnownFileType = folder.assetcatalog; path = Assets.xcassets; sourceTree = "<group>"; };
		1F6512D22BC535B900B0FFE4 /* Base */ = {isa = PBXFileReference; lastKnownFileType = file.storyboard; name = Base; path = Base.lproj/LaunchScreen.storyboard; sourceTree = "<group>"; };
		1F6512D42BC535B900B0FFE4 /* Info.plist */ = {isa = PBXFileReference; lastKnownFileType = text.plist.xml; path = Info.plist; sourceTree = "<group>"; };
		1F6512DA2BC5360600B0FFE4 /* MainViewController.swift */ = {isa = PBXFileReference; lastKnownFileType = sourcecode.swift; path = MainViewController.swift; sourceTree = "<group>"; };
		1F6512DC2BC5362E00B0FFE4 /* ButtonsCollectionViewCell.swift */ = {isa = PBXFileReference; lastKnownFileType = sourcecode.swift; path = ButtonsCollectionViewCell.swift; sourceTree = "<group>"; };
		1F6512DE2BC5365D00B0FFE4 /* ButtonsCollectionViewCellDelegateProtocole.swift */ = {isa = PBXFileReference; lastKnownFileType = sourcecode.swift; path = ButtonsCollectionViewCellDelegateProtocole.swift; sourceTree = "<group>"; };
		1F6512E02BC5E95F00B0FFE4 /* ChooseRegimeViewController.swift */ = {isa = PBXFileReference; lastKnownFileType = sourcecode.swift; path = ChooseRegimeViewController.swift; sourceTree = "<group>"; };
/* End PBXFileReference section */

/* Begin PBXFrameworksBuildPhase section */
		1F6512C02BC535B800B0FFE4 /* Frameworks */ = {
			isa = PBXFrameworksBuildPhase;
			buildActionMask = 2147483647;
			files = (
			);
			runOnlyForDeploymentPostprocessing = 0;
		};
/* End PBXFrameworksBuildPhase section */

/* Begin PBXGroup section */
		1F6512BA2BC535B800B0FFE4 = {
			isa = PBXGroup;
			children = (
				1F6512C52BC535B800B0FFE4 /* Tic-Tac-Toe */,
				1F6512C42BC535B800B0FFE4 /* Products */,
			);
			sourceTree = "<group>";
		};
		1F6512C42BC535B800B0FFE4 /* Products */ = {
			isa = PBXGroup;
			children = (
				1F6512C32BC535B800B0FFE4 /* Tic-Tac-Toe.app */,
			);
			name = Products;
			sourceTree = "<group>";
		};
		1F6512C52BC535B800B0FFE4 /* Tic-Tac-Toe */ = {
			isa = PBXGroup;
			children = (
				1F6512D42BC535B900B0FFE4 /* Info.plist */,
				1F6512D12BC535B900B0FFE4 /* LaunchScreen.storyboard */,
				1F6512E02BC5E95F00B0FFE4 /* ChooseRegimeViewController.swift */,
				1F6512CA2BC535B800B0FFE4 /* SetNamesViewController.swift */,
				1F6512DA2BC5360600B0FFE4 /* MainViewController.swift */,
				1F6C59122BC6867B00F00F40 /* Helpers */,
				1F6512C62BC535B800B0FFE4 /* AppDelegate.swift */,
				1F6512C82BC535B800B0FFE4 /* SceneDelegate.swift */,
				1F6512CF2BC535B900B0FFE4 /* Assets.xcassets */,
			);
			path = "Tic-Tac-Toe";
			sourceTree = "<group>";
		};
		1F6C59122BC6867B00F00F40 /* Helpers */ = {
			isa = PBXGroup;
			children = (
				1F6512DC2BC5362E00B0FFE4 /* ButtonsCollectionViewCell.swift */,
				1F6512DE2BC5365D00B0FFE4 /* ButtonsCollectionViewCellDelegateProtocole.swift */,
			);
			path = Helpers;
			sourceTree = "<group>";
		};
/* End PBXGroup section */

/* Begin PBXNativeTarget section */
		1F6512C22BC535B800B0FFE4 /* Tic-Tac-Toe */ = {
			isa = PBXNativeTarget;
			buildConfigurationList = 1F6512D72BC535B900B0FFE4 /* Build configuration list for PBXNativeTarget "Tic-Tac-Toe" */;
			buildPhases = (
				1F6512BF2BC535B800B0FFE4 /* Sources */,
				1F6512C02BC535B800B0FFE4 /* Frameworks */,
				1F6512C12BC535B800B0FFE4 /* Resources */,
			);
			buildRules = (
			);
			dependencies = (
			);
			name = "Tic-Tac-Toe";
			productName = "Tic-Tac-Toe";
			productReference = 1F6512C32BC535B800B0FFE4 /* Tic-Tac-Toe.app */;
			productType = "com.apple.product-type.application";
		};
/* End PBXNativeTarget section */

/* Begin PBXProject section */
		1F6512BB2BC535B800B0FFE4 /* Project object */ = {
			isa = PBXProject;
			attributes = {
				BuildIndependentTargetsInParallel = 1;
				LastSwiftUpdateCheck = 1500;
				LastUpgradeCheck = 1500;
				TargetAttributes = {
					1F6512C22BC535B800B0FFE4 = {
						CreatedOnToolsVersion = 15.0;
					};
				};
			};
			buildConfigurationList = 1F6512BE2BC535B800B0FFE4 /* Build configuration list for PBXProject "Tic-Tac-Toe" */;
			compatibilityVersion = "Xcode 14.0";
			developmentRegion = en;
			hasScannedForEncodings = 0;
			knownRegions = (
				en,
				Base,
			);
			mainGroup = 1F6512BA2BC535B800B0FFE4;
			productRefGroup = 1F6512C42BC535B800B0FFE4 /* Products */;
			projectDirPath = "";
			projectRoot = "";
			targets = (
				1F6512C22BC535B800B0FFE4 /* Tic-Tac-Toe */,
			);
		};
/* End PBXProject section */

/* Begin PBXResourcesBuildPhase section */
		1F6512C12BC535B800B0FFE4 /* Resources */ = {
			isa = PBXResourcesBuildPhase;
			buildActionMask = 2147483647;
			files = (
				1F6512D32BC535B900B0FFE4 /* LaunchScreen.storyboard in Resources */,
				1F6512D02BC535B900B0FFE4 /* Assets.xcassets in Resources */,
			);
			runOnlyForDeploymentPostprocessing = 0;
		};
/* End PBXResourcesBuildPhase section */

/* Begin PBXSourcesBuildPhase section */
		1F6512BF2BC535B800B0FFE4 /* Sources */ = {
			isa = PBXSourcesBuildPhase;
			buildActionMask = 2147483647;
			files = (
				1F6512E12BC5E95F00B0FFE4 /* ChooseRegimeViewController.swift in Sources */,
				1F6512CB2BC535B800B0FFE4 /* SetNamesViewController.swift in Sources */,
				1F6512C72BC535B800B0FFE4 /* AppDelegate.swift in Sources */,
				1F6512C92BC535B800B0FFE4 /* SceneDelegate.swift in Sources */,
				1F6512DB2BC5360600B0FFE4 /* MainViewController.swift in Sources */,
				1F6512DD2BC5362E00B0FFE4 /* ButtonsCollectionViewCell.swift in Sources */,
				1F6512DF2BC5365D00B0FFE4 /* ButtonsCollectionViewCellDelegateProtocole.swift in Sources */,
			);
			runOnlyForDeploymentPostprocessing = 0;
		};
/* End PBXSourcesBuildPhase section */

/* Begin PBXVariantGroup section */
		1F6512D12BC535B900B0FFE4 /* LaunchScreen.storyboard */ = {
			isa = PBXVariantGroup;
			children = (
				1F6512D22BC535B900B0FFE4 /* Base */,
			);
			name = LaunchScreen.storyboard;
			sourceTree = "<group>";
		};
/* End PBXVariantGroup section */

/* Begin XCBuildConfiguration section */
		1F6512D52BC535B900B0FFE4 /* Debug */ = {
			isa = XCBuildConfiguration;
			buildSettings = {
				ALWAYS_SEARCH_USER_PATHS = NO;
				ASSETCATALOG_COMPILER_GENERATE_SWIFT_ASSET_SYMBOL_EXTENSIONS = YES;
				CLANG_ANALYZER_NONNULL = YES;
				CLANG_ANALYZER_NUMBER_OBJECT_CONVERSION = YES_AGGRESSIVE;
				CLANG_CXX_LANGUAGE_STANDARD = "gnu++20";
				CLANG_ENABLE_MODULES = YES;
				CLANG_ENABLE_OBJC_ARC = YES;
				CLANG_ENABLE_OBJC_WEAK = YES;
				CLANG_WARN_BLOCK_CAPTURE_AUTORELEASING = YES;
				CLANG_WARN_BOOL_CONVERSION = YES;
				CLANG_WARN_COMMA = YES;
				CLANG_WARN_CONSTANT_CONVERSION = YES;
				CLANG_WARN_DEPRECATED_OBJC_IMPLEMENTATIONS = YES;
				CLANG_WARN_DIRECT_OBJC_ISA_USAGE = YES_ERROR;
				CLANG_WARN_DOCUMENTATION_COMMENTS = YES;
				CLANG_WARN_EMPTY_BODY = YES;
				CLANG_WARN_ENUM_CONVERSION = YES;
				CLANG_WARN_INFINITE_RECURSION = YES;
				CLANG_WARN_INT_CONVERSION = YES;
				CLANG_WARN_NON_LITERAL_NULL_CONVERSION = YES;
				CLANG_WARN_OBJC_IMPLICIT_RETAIN_SELF = YES;
				CLANG_WARN_OBJC_LITERAL_CONVERSION = YES;
				CLANG_WARN_OBJC_ROOT_CLASS = YES_ERROR;
				CLANG_WARN_QUOTED_INCLUDE_IN_FRAMEWORK_HEADER = YES;
				CLANG_WARN_RANGE_LOOP_ANALYSIS = YES;
				CLANG_WARN_STRICT_PROTOTYPES = YES;
				CLANG_WARN_SUSPICIOUS_MOVE = YES;
				CLANG_WARN_UNGUARDED_AVAILABILITY = YES_AGGRESSIVE;
				CLANG_WARN_UNREACHABLE_CODE = YES;
				CLANG_WARN__DUPLICATE_METHOD_MATCH = YES;
				COPY_PHASE_STRIP = NO;
				DEBUG_INFORMATION_FORMAT = dwarf;
				ENABLE_STRICT_OBJC_MSGSEND = YES;
				ENABLE_TESTABILITY = YES;
				ENABLE_USER_SCRIPT_SANDBOXING = YES;
				GCC_C_LANGUAGE_STANDARD = gnu17;
				GCC_DYNAMIC_NO_PIC = NO;
				GCC_NO_COMMON_BLOCKS = YES;
				GCC_OPTIMIZATION_LEVEL = 0;
				GCC_PREPROCESSOR_DEFINITIONS = (
					"DEBUG=1",
					"$(inherited)",
				);
				GCC_WARN_64_TO_32_BIT_CONVERSION = YES;
				GCC_WARN_ABOUT_RETURN_TYPE = YES_ERROR;
				GCC_WARN_UNDECLARED_SELECTOR = YES;
				GCC_WARN_UNINITIALIZED_AUTOS = YES_AGGRESSIVE;
				GCC_WARN_UNUSED_FUNCTION = YES;
				GCC_WARN_UNUSED_VARIABLE = YES;
				IPHONEOS_DEPLOYMENT_TARGET = 17.0;
				LOCALIZATION_PREFERS_STRING_CATALOGS = YES;
				MTL_ENABLE_DEBUG_INFO = INCLUDE_SOURCE;
				MTL_FAST_MATH = YES;
				ONLY_ACTIVE_ARCH = YES;
				SDKROOT = iphoneos;
				SWIFT_ACTIVE_COMPILATION_CONDITIONS = "DEBUG $(inherited)";
				SWIFT_OPTIMIZATION_LEVEL = "-Onone";
			};
			name = Debug;
		};
		1F6512D62BC535B900B0FFE4 /* Release */ = {
			isa = XCBuildConfiguration;
			buildSettings = {
				ALWAYS_SEARCH_USER_PATHS = NO;
				ASSETCATALOG_COMPILER_GENERATE_SWIFT_ASSET_SYMBOL_EXTENSIONS = YES;
				CLANG_ANALYZER_NONNULL = YES;
				CLANG_ANALYZER_NUMBER_OBJECT_CONVERSION = YES_AGGRESSIVE;
				CLANG_CXX_LANGUAGE_STANDARD = "gnu++20";
				CLANG_ENABLE_MODULES = YES;
				CLANG_ENABLE_OBJC_ARC = YES;
				CLANG_ENABLE_OBJC_WEAK = YES;
				CLANG_WARN_BLOCK_CAPTURE_AUTORELEASING = YES;
				CLANG_WARN_BOOL_CONVERSION = YES;
				CLANG_WARN_COMMA = YES;
				CLANG_WARN_CONSTANT_CONVERSION = YES;
				CLANG_WARN_DEPRECATED_OBJC_IMPLEMENTATIONS = YES;
				CLANG_WARN_DIRECT_OBJC_ISA_USAGE = YES_ERROR;
				CLANG_WARN_DOCUMENTATION_COMMENTS = YES;
				CLANG_WARN_EMPTY_BODY = YES;
				CLANG_WARN_ENUM_CONVERSION = YES;
				CLANG_WARN_INFINITE_RECURSION = YES;
				CLANG_WARN_INT_CONVERSION = YES;
				CLANG_WARN_NON_LITERAL_NULL_CONVERSION = YES;
				CLANG_WARN_OBJC_IMPLICIT_RETAIN_SELF = YES;
				CLANG_WARN_OBJC_LITERAL_CONVERSION = YES;
				CLANG_WARN_OBJC_ROOT_CLASS = YES_ERROR;
				CLANG_WARN_QUOTED_INCLUDE_IN_FRAMEWORK_HEADER = YES;
				CLANG_WARN_RANGE_LOOP_ANALYSIS = YES;
				CLANG_WARN_STRICT_PROTOTYPES = YES;
				CLANG_WARN_SUSPICIOUS_MOVE = YES;
				CLANG_WARN_UNGUARDED_AVAILABILITY = YES_AGGRESSIVE;
				CLANG_WARN_UNREACHABLE_CODE = YES;
				CLANG_WARN__DUPLICATE_METHOD_MATCH = YES;
				COPY_PHASE_STRIP = NO;
				DEBUG_INFORMATION_FORMAT = "dwarf-with-dsym";
				ENABLE_NS_ASSERTIONS = NO;
				ENABLE_STRICT_OBJC_MSGSEND = YES;
				ENABLE_USER_SCRIPT_SANDBOXING = YES;
				GCC_C_LANGUAGE_STANDARD = gnu17;
				GCC_NO_COMMON_BLOCKS = YES;
				GCC_WARN_64_TO_32_BIT_CONVERSION = YES;
				GCC_WARN_ABOUT_RETURN_TYPE = YES_ERROR;
				GCC_WARN_UNDECLARED_SELECTOR = YES;
				GCC_WARN_UNINITIALIZED_AUTOS = YES_AGGRESSIVE;
				GCC_WARN_UNUSED_FUNCTION = YES;
				GCC_WARN_UNUSED_VARIABLE = YES;
				IPHONEOS_DEPLOYMENT_TARGET = 17.0;
				LOCALIZATION_PREFERS_STRING_CATALOGS = YES;
				MTL_ENABLE_DEBUG_INFO = NO;
				MTL_FAST_MATH = YES;
				SDKROOT = iphoneos;
				SWIFT_COMPILATION_MODE = wholemodule;
				VALIDATE_PRODUCT = YES;
			};
			name = Release;
		};
		1F6512D82BC535B900B0FFE4 /* Debug */ = {
			isa = XCBuildConfiguration;
			buildSettings = {
				ASSETCATALOG_COMPILER_APPICON_NAME = AppIcon;
				ASSETCATALOG_COMPILER_GLOBAL_ACCENT_COLOR_NAME = AccentColor;
				CODE_SIGN_STYLE = Automatic;
				CURRENT_PROJECT_VERSION = 1;
				DEVELOPMENT_TEAM = GFJTTHZ6M5;
				GENERATE_INFOPLIST_FILE = YES;
				INFOPLIST_FILE = "Tic-Tac-Toe/Info.plist";
				INFOPLIST_KEY_UIApplicationSupportsIndirectInputEvents = YES;
				INFOPLIST_KEY_UILaunchStoryboardName = LaunchScreen;
				INFOPLIST_KEY_UISupportedInterfaceOrientations = UIInterfaceOrientationPortrait;
				IPHONEOS_DEPLOYMENT_TARGET = 13.0;
				LD_RUNPATH_SEARCH_PATHS = (
					"$(inherited)",
					"@executable_path/Frameworks",
				);
				MARKETING_VERSION = 1.0;
				PRODUCT_BUNDLE_IDENTIFIER = "home.Tic-Tac-Toe";
				PRODUCT_NAME = "$(TARGET_NAME)";
				SUPPORTED_PLATFORMS = "iphoneos iphonesimulator";
				SUPPORTS_MACCATALYST = NO;
				SWIFT_EMIT_LOC_STRINGS = YES;
				SWIFT_VERSION = 5.0;
				TARGETED_DEVICE_FAMILY = 1;
			};
			name = Debug;
		};
		1F6512D92BC535B900B0FFE4 /* Release */ = {
			isa = XCBuildConfiguration;
			buildSettings = {
				ASSETCATALOG_COMPILER_APPICON_NAME = AppIcon;
				ASSETCATALOG_COMPILER_GLOBAL_ACCENT_COLOR_NAME = AccentColor;
				CODE_SIGN_STYLE = Automatic;
				CURRENT_PROJECT_VERSION = 1;
				DEVELOPMENT_TEAM = GFJTTHZ6M5;
				GENERATE_INFOPLIST_FILE = YES;
				INFOPLIST_FILE = "Tic-Tac-Toe/Info.plist";
				INFOPLIST_KEY_UIApplicationSupportsIndirectInputEvents = YES;
				INFOPLIST_KEY_UILaunchStoryboardName = LaunchScreen;
				INFOPLIST_KEY_UISupportedInterfaceOrientations = UIInterfaceOrientationPortrait;
				IPHONEOS_DEPLOYMENT_TARGET = 13.0;
				LD_RUNPATH_SEARCH_PATHS = (
					"$(inherited)",
					"@executable_path/Frameworks",
				);
				MARKETING_VERSION = 1.0;
				PRODUCT_BUNDLE_IDENTIFIER = "home.Tic-Tac-Toe";
				PRODUCT_NAME = "$(TARGET_NAME)";
				SUPPORTED_PLATFORMS = "iphoneos iphonesimulator";
				SUPPORTS_MACCATALYST = NO;
				SWIFT_EMIT_LOC_STRINGS = YES;
				SWIFT_VERSION = 5.0;
				TARGETED_DEVICE_FAMILY = 1;
			};
			name = Release;
		};
/* End XCBuildConfiguration section */

/* Begin XCConfigurationList section */
		1F6512BE2BC535B800B0FFE4 /* Build configuration list for PBXProject "Tic-Tac-Toe" */ = {
			isa = XCConfigurationList;
			buildConfigurations = (
				1F6512D52BC535B900B0FFE4 /* Debug */,
				1F6512D62BC535B900B0FFE4 /* Release */,
			);
			defaultConfigurationIsVisible = 0;
			defaultConfigurationName = Release;
		};
		1F6512D72BC535B900B0FFE4 /* Build configuration list for PBXNativeTarget "Tic-Tac-Toe" */ = {
			isa = XCConfigurationList;
			buildConfigurations = (
				1F6512D82BC535B900B0FFE4 /* Debug */,
				1F6512D92BC535B900B0FFE4 /* Release */,
			);
			defaultConfigurationIsVisible = 0;
			defaultConfigurationName = Release;
		};
/* End XCConfigurationList section */
	};
	rootObject = 1F6512BB2BC535B800B0FFE4 /* Project object */;
}
